
Microsoft Visual Studio Solution File, Format Version 12.00
# Visual Studio Version 16
VisualStudioVersion = 16.0.32228.343
MinimumVisualStudioVersion = 10.0.40219.1
Project("{FAE04EC0-301F-11D3-BF4B-00C04F79EFBC}") = "ExercicioProposto10_1", "ExercicioProposto10_1\ExercicioProposto10_1.csproj", "{A2EA25F7-28CF-4803-A41C-3A07CFF1288C}"
EndProject
Global
	GlobalSection(SolutionConfigurationPlatforms) = preSolution
		Debug|Any CPU = Debug|Any CPU
		Release|Any CPU = Release|Any CPU
	EndGlobalSection
	GlobalSection(ProjectConfigurationPlatforms) = postSolution
		{A2EA25F7-28CF-4803-A41C-3A07CFF1288C}.Debug|Any CPU.ActiveCfg = Debug|Any CPU
		{A2EA25F7-28CF-4803-A41C-3A07CFF1288C}.Debug|Any CPU.Build.0 = Debug|Any CPU
		{A2EA25F7-28CF-4803-A41C-3A07CFF1288C}.Release|Any CPU.ActiveCfg = Release|Any CPU
		{A2EA25F7-28CF-4803-A41C-3A07CFF1288C}.Release|Any CPU.Build.0 = Release|Any CPU
	EndGlobalSection
	GlobalSection(SolutionProperties) = preSolution
		HideSolutionNode = FALSE
	EndGlobalSection
	GlobalSection(ExtensibilityGlobals) = postSolution
		SolutionGuid = {635A446E-DB18-4807-BFDB-3A8BE9940D94}
	EndGlobalSection
EndGlobal
