
Microsoft Visual Studio Solution File, Format Version 12.00
# Visual Studio Version 16
VisualStudioVersion = 16.0.32228.343
MinimumVisualStudioVersion = 10.0.40219.1
Project("{FAE04EC0-301F-11D3-BF4B-00C04F79EFBC}") = "ExercicioResolvido10_1", "ExercicioResolvido10_1\ExercicioResolvido10_1.csproj", "{0F276990-A909-4B28-A0C8-24D4E63177FC}"
EndProject
Global
	GlobalSection(SolutionConfigurationPlatforms) = preSolution
		Debug|Any CPU = Debug|Any CPU
		Release|Any CPU = Release|Any CPU
	EndGlobalSection
	GlobalSection(ProjectConfigurationPlatforms) = postSolution
		{0F276990-A909-4B28-A0C8-24D4E63177FC}.Debug|Any CPU.ActiveCfg = Debug|Any CPU
		{0F276990-A909-4B28-A0C8-24D4E63177FC}.Debug|Any CPU.Build.0 = Debug|Any CPU
		{0F276990-A909-4B28-A0C8-24D4E63177FC}.Release|Any CPU.ActiveCfg = Release|Any CPU
		{0F276990-A909-4B28-A0C8-24D4E63177FC}.Release|Any CPU.Build.0 = Release|Any CPU
	EndGlobalSection
	GlobalSection(SolutionProperties) = preSolution
		HideSolutionNode = FALSE
	EndGlobalSection
	GlobalSection(ExtensibilityGlobals) = postSolution
		SolutionGuid = {E83FBCB3-1960-453B-B0C0-BAA5C82FBF8D}
	EndGlobalSection
EndGlobal
